<?xml version="1.0" encoding="utf-8"?>
<Project ToolsVersion="4.0" xmlns="http://schemas.microsoft.com/developer/msbuild/2003">
  <ItemGroup>
    <Filter Include="소스 파일">
      <UniqueIdentifier>{4FC737F1-C7A5-4376-A066-2A32D752A2FF}</UniqueIdentifier>
      <Extensions>cpp;c;cc;cxx;c++;cppm;ixx;def;odl;idl;hpj;bat;asm;asmx</Extensions>
    </Filter>
    <Filter Include="헤더 파일">
      <UniqueIdentifier>{93995380-89BD-4b04-88EB-625FBE52EBFB}</UniqueIdentifier>
      <Extensions>h;hh;hpp;hxx;h++;hm;inl;inc;ipp;xsd</Extensions>
    </Filter>
    <Filter Include="리소스 파일">
      <UniqueIdentifier>{67DA6AB6-F800-4c08-8B7A-83BB121AAD01}</UniqueIdentifier>
      <Extensions>rc;ico;cur;bmp;dlg;rc2;rct;bin;rgs;gif;jpg;jpeg;jpe;resx;tiff;tif;png;wav;mfcribbon-ms</Extensions>
    </Filter>
  </ItemGroup>
  <ItemGroup>
    <ClInclude Include="Public\GlobalVariableSet\GlobalVariableSet.h">
      <Filter>헤더 파일</Filter>
    </ClInclude>
    <ClInclude Include="Public\SSCommonUtil\AllocatedChunkHeader.h">
      <Filter>헤더 파일</Filter>
    </ClInclude>
    <ClInclude Include="Public\SSCommonUtil\SSCustomMemAllocator.h">
      <Filter>헤더 파일</Filter>
    </ClInclude>
    <ClInclude Include="Public\SSContainer\Allocators\HeapAllocator.h">
      <Filter>헤더 파일</Filter>
    </ClInclude>
    <ClInclude Include="Public\SSContainer\Allocators\InlineAllocator.h">
      <Filter>헤더 파일</Filter>
    </ClInclude>
    <ClInclude Include="Public\SSContainer\SSString\FixedStringA.h">
      <Filter>헤더 파일</Filter>
    </ClInclude>
    <ClInclude Include="Public\SSContainer\SSString\FixedStringW.h">
      <Filter>헤더 파일</Filter>
    </ClInclude>
    <ClInclude Include="Public\SSContainer\SSString\SSStringA.h">
      <Filter>헤더 파일</Filter>
    </ClInclude>
    <ClInclude Include="Public\SSContainer\SSString\SSStringContainerUtilsCollection.h">
      <Filter>헤더 파일</Filter>
    </ClInclude>
    <ClInclude Include="Public\SSContainer\SSString\SSStringW.h">
      <Filter>헤더 파일</Filter>
    </ClInclude>
    <ClInclude Include="Public\SSContainer\SSString\StringUtilityFunctions.h">
      <Filter>헤더 파일</Filter>
    </ClInclude>
    <ClInclude Include="Public\SSContainer\BasicHashFunctionCollection.h">
      <Filter>헤더 파일</Filter>
    </ClInclude>
    <ClInclude Include="Public\SSContainer\CityHash.h">
      <Filter>헤더 파일</Filter>
    </ClInclude>
    <ClInclude Include="Public\SSContainer\FixedList.h">
      <Filter>헤더 파일</Filter>
    </ClInclude>
    <ClInclude Include="Public\SSContainer\HashMap.h">
      <Filter>헤더 파일</Filter>
    </ClInclude>
    <ClInclude Include="Public\SSContainer\PooledLinkedList.h">
      <Filter>헤더 파일</Filter>
    </ClInclude>
    <ClInclude Include="Public\SSContainer\PooledList.h">
      <Filter>헤더 파일</Filter>
    </ClInclude>
    <ClInclude Include="Public\SSContainer\SSUtilityContainer.h">
      <Filter>헤더 파일</Filter>
    </ClInclude>
    <ClInclude Include="Public\SSContainer\StringHashMapA.h">
      <Filter>헤더 파일</Filter>
    </ClInclude>
    <ClInclude Include="Public\TestCodes\TestFunctions.h">
      <Filter>헤더 파일</Filter>
    </ClInclude>
    <ClInclude Include="Public\DeviceQuery.h">
      <Filter>헤더 파일</Filter>
    </ClInclude>
    <ClInclude Include="Public\GeometryType.h">
      <Filter>헤더 파일</Filter>
    </ClInclude>
    <ClInclude Include="Public\INoncopyable.h">
      <Filter>헤더 파일</Filter>
    </ClInclude>
    <ClInclude Include="Public\SSDebugLogger.h">
      <Filter>헤더 파일</Filter>
    </ClInclude>
    <ClInclude Include="Public\SSDirectXMathCustom.h">
      <Filter>헤더 파일</Filter>
    </ClInclude>
    <ClInclude Include="Public\SSEngineDefault.h">
      <Filter>헤더 파일</Filter>
    </ClInclude>
    <ClInclude Include="Public\SSEngineInlineSettings.h">
      <Filter>헤더 파일</Filter>
    </ClInclude>
    <ClInclude Include="Public\SSNativeKeywords.h">
      <Filter>헤더 파일</Filter>
    </ClInclude>
    <ClInclude Include="Public\SSNativeTypes.h">
      <Filter>헤더 파일</Filter>
    </ClInclude>
    <ClInclude Include="Public\SSStaticMath.h">
      <Filter>헤더 파일</Filter>
    </ClInclude>
    <ClInclude Include="Public\SSVector.h">
      <Filter>헤더 파일</Filter>
    </ClInclude>
    <ClInclude Include="Public\ModuleEntry\SSEngineDefaultModuleEntry.h">
      <Filter>헤더 파일</Filter>
    </ClInclude>
    <ClInclude Include="ModuleExportKeyword.h">
      <Filter>헤더 파일</Filter>
    </ClInclude>
    <ClInclude Include="Private\PCommon\SHasher\HasherPoolBase.h">
      <Filter>헤더 파일</Filter>
    </ClInclude>
    <ClInclude Include="Private\PWin32\RawInput\Win32RawInputProcessUtil.h">
      <Filter>헤더 파일</Filter>
    </ClInclude>
    <ClInclude Include="Private\PWin32\RawInput\Win32SSRawInputProcessor.h">
      <Filter>헤더 파일</Filter>
    </ClInclude>
    <ClInclude Include="Public\RawInput\KeyCodeEnums.h">
      <Filter>헤더 파일</Filter>
    </ClInclude>
    <ClInclude Include="Public\RawInput\RawInputUtils.h">
      <Filter>헤더 파일</Filter>
    </ClInclude>
    <ClInclude Include="Public\RawProfiler\ProfilerUtils.h">
      <Filter>헤더 파일</Filter>
    </ClInclude>
    <ClInclude Include="Public\RawInput\SSInput.h">
      <Filter>헤더 파일</Filter>
    </ClInclude>
    <ClInclude Include="Public\RawProfiler\SSFrameInfo.h">
      <Filter>헤더 파일</Filter>
    </ClInclude>
    <ClInclude Include="Public\SHasher\IHasherPool.h">
      <Filter>헤더 파일</Filter>
    </ClInclude>
    <ClInclude Include="Public\SHasher\SHasherW.h">
      <Filter>헤더 파일</Filter>
    </ClInclude>
    <ClInclude Include="Public\RawProfiler\FrameInfoProcessorBase.h">
      <Filter>헤더 파일</Filter>
    </ClInclude>
    <ClInclude Include="Public\RawInput\SSRawInputProcessorBase.h">
      <Filter>헤더 파일</Filter>
    </ClInclude>
    <ClInclude Include="Private\PCommon\TestCodes\TestClasses\TestCustomHeapAllocator.h">
      <Filter>헤더 파일</Filter>
    </ClInclude>
  </ItemGroup>
  <ItemGroup>
    <ClCompile Include="dllmain.cpp">
      <Filter>소스 파일</Filter>
    </ClCompile>
    <ClCompile Include="Private\PCommon\ModuleEntry\SSEngineDefaultModuleEntry.cpp">
      <Filter>소스 파일</Filter>
    </ClCompile>
    <ClCompile Include="Private\PCommon\SSContainer\BasicHashFunctionCollection.cpp">
      <Filter>소스 파일</Filter>
    </ClCompile>
    <ClCompile Include="Private\PCommon\SSVector.cpp">
      <Filter>소스 파일</Filter>
    </ClCompile>
    <ClCompile Include="Private\PWin32\DeviceQuery.cpp">
      <Filter>소스 파일</Filter>
    </ClCompile>
    <ClCompile Include="Private\PWin32\StringUtilityFunctions.cpp">
      <Filter>소스 파일</Filter>
    </ClCompile>
    <ClCompile Include="Private\PWin32\ProfilerUtils.cpp">
      <Filter>소스 파일</Filter>
    </ClCompile>
    <ClCompile Include="Private\PCommon\SHasher\HasherPoolBase.cpp">
      <Filter>소스 파일</Filter>
    </ClCompile>
    <ClCompile Include="Private\PCommon\SHasher\SHasherW.cpp">
      <Filter>소스 파일</Filter>
    </ClCompile>
    <ClCompile Include="Private\PWin32\RawInput\Win32RawInputProcessUtil.cpp">
      <Filter>소스 파일</Filter>
    </ClCompile>
    <ClCompile Include="Private\PWin32\RawInput\Win32RawInputUtils.cpp">
      <Filter>소스 파일</Filter>
    </ClCompile>
    <ClCompile Include="Private\PWin32\RawInput\Win32SSRawInputProcessor.cpp">
      <Filter>소스 파일</Filter>
    </ClCompile>
    <ClCompile Include="Private\PCommon\SSContainer\CityHash.cpp">
      <Filter>소스 파일</Filter>
    </ClCompile>
    <ClCompile Include="Private\PCommon\RawProfiler\FrameInfoProcessorBase.cpp">
      <Filter>소스 파일</Filter>
    </ClCompile>
    <ClCompile Include="Private\PCommon\SSCommonUtil\SSCustomMemAllocator.cpp">
      <Filter>소스 파일</Filter>
    </ClCompile>
    <ClCompile Include="Private\PCommon\Input\SSRawInputProcessorBase.cpp">
      <Filter>소스 파일</Filter>
    </ClCompile>
    <ClCompile Include="Private\PCommon\TestCodes\TestClasses\TestCustomHeapAllocator.cpp">
      <Filter>소스 파일</Filter>
    </ClCompile>
    <ClCompile Include="Private\PCommon\TestCodes\TestFunctions.cpp">
      <Filter>소스 파일</Filter>
    </ClCompile>
  </ItemGroup>
  <ItemGroup>
    <Natvis Include="Natvis\SSEngineDefault.natvis" />
  </ItemGroup>
</Project>